{
  "version": 4,
  "terraform_version": "1.12.2",
  "serial": 25,
  "lineage": "99de8c07-47bd-6dbd-2d05-88c69c893672",
  "outputs": {
    "codebuild_prod_project": {
      "value": "deploy-glue-script-prod-use1",
      "type": "string"
    },
    "codebuild_test_project": {
      "value": "deploy-glue-script-test-use1",
      "type": "string"
    },
    "codestar_connection_arn": {
      "value": "arn:aws:codestar-connections:us-east-1:147649276518:connection/c170c957-6843-4058-9d56-e314077597df",
      "type": "string"
    },
    "glue_prod_job": {
      "value": "user-events-etl-prod-use1",
      "type": "string"
    },
    "glue_test_job": {
      "value": "user-events-etl-test-use1",
      "type": "string"
    },
    "prod_pipeline_name": {
      "value": "glue-etl-prod-pipeline-use1",
      "type": "string"
    },
    "region": {
      "value": "us-east-1",
      "type": "string"
    },
    "test_pipeline_name": {
      "value": "glue-etl-test-pipeline-use1",
      "type": "string"
    }
  },
  "resources": [
    {
      "mode": "data",
      "type": "aws_caller_identity",
      "name": "current",
      "provider": "provider[\"registry.terraform.io/hashicorp/aws\"]",
      "instances": [
        {
          "schema_version": 0,
          "attributes": {
            "account_id": "147649276518",
            "arn": "arn:aws:iam::147649276518:user/terraform-user",
            "id": "147649276518",
            "user_id": "AIDASEYEVFJTA233R3FVA"
          },
          "sensitive_attributes": [],
          "identity_schema_version": 0
        }
      ]
    },
    {
      "mode": "data",
      "type": "aws_iam_policy_document",
      "name": "codebuild_assume",
      "provider": "provider[\"registry.terraform.io/hashicorp/aws\"]",
      "instances": [
        {
          "schema_version": 0,
          "attributes": {
            "id": "1229436035",
            "json": "{\n  \"Version\": \"2012-10-17\",\n  \"Statement\": [\n    {\n      \"Effect\": \"Allow\",\n      \"Action\": \"sts:AssumeRole\",\n      \"Principal\": {\n        \"Service\": \"codebuild.amazonaws.com\"\n      }\n    }\n  ]\n}",
            "minified_json": "{\"Version\":\"2012-10-17\",\"Statement\":[{\"Effect\":\"Allow\",\"Action\":\"sts:AssumeRole\",\"Principal\":{\"Service\":\"codebuild.amazonaws.com\"}}]}",
            "override_json": null,
            "override_policy_documents": null,
            "policy_id": null,
            "source_json": null,
            "source_policy_documents": null,
            "statement": [
              {
                "actions": [
                  "sts:AssumeRole"
                ],
                "condition": [],
                "effect": "Allow",
                "not_actions": [],
                "not_principals": [],
                "not_resources": [],
                "principals": [
                  {
                    "identifiers": [
                      "codebuild.amazonaws.com"
                    ],
                    "type": "Service"
                  }
                ],
                "resources": [],
                "sid": ""
              }
            ],
            "version": "2012-10-17"
          },
          "sensitive_attributes": [],
          "identity_schema_version": 0
        }
      ]
    },
    {
      "mode": "data",
      "type": "aws_iam_policy_document",
      "name": "codebuild_policy_doc",
      "provider": "provider[\"registry.terraform.io/hashicorp/aws\"]",
      "instances": [
        {
          "schema_version": 0,
          "attributes": {
            "id": "2913493437",
            "json": "{\n  \"Version\": \"2012-10-17\",\n  \"Statement\": [\n    {\n      \"Effect\": \"Allow\",\n      \"Action\": [\n        \"s3:PutObject\",\n        \"s3:GetObjectVersion\",\n        \"s3:GetObject\"\n      ],\n      \"Resource\": [\n        \"arn:aws:s3:::your-unique-scripts-bucket-use1-123456/*\",\n        \"arn:aws:s3:::your-unique-artifact-bucket-use1-123456/*\"\n      ]\n    },\n    {\n      \"Effect\": \"Allow\",\n      \"Action\": [\n        \"logs:PutLogEvents\",\n        \"logs:CreateLogStream\",\n        \"logs:CreateLogGroup\"\n      ],\n      \"Resource\": \"*\"\n    },\n    {\n      \"Effect\": \"Allow\",\n      \"Action\": \"glue:StartJobRun\",\n      \"Resource\": [\n        \"arn:aws:glue:us-east-1:147649276518:job/user-events-etl-test-use1\",\n        \"arn:aws:glue:us-east-1:147649276518:job/user-events-etl-prod-use1\"\n      ]\n    }\n  ]\n}",
            "minified_json": "{\"Version\":\"2012-10-17\",\"Statement\":[{\"Effect\":\"Allow\",\"Action\":[\"s3:PutObject\",\"s3:GetObjectVersion\",\"s3:GetObject\"],\"Resource\":[\"arn:aws:s3:::your-unique-scripts-bucket-use1-123456/*\",\"arn:aws:s3:::your-unique-artifact-bucket-use1-123456/*\"]},{\"Effect\":\"Allow\",\"Action\":[\"logs:PutLogEvents\",\"logs:CreateLogStream\",\"logs:CreateLogGroup\"],\"Resource\":\"*\"},{\"Effect\":\"Allow\",\"Action\":\"glue:StartJobRun\",\"Resource\":[\"arn:aws:glue:us-east-1:147649276518:job/user-events-etl-test-use1\",\"arn:aws:glue:us-east-1:147649276518:job/user-events-etl-prod-use1\"]}]}",
            "override_json": null,
            "override_policy_documents": null,
            "policy_id": null,
            "source_json": null,
            "source_policy_documents": null,
            "statement": [
              {
                "actions": [
                  "s3:GetObject",
                  "s3:GetObjectVersion",
                  "s3:PutObject"
                ],
                "condition": [],
                "effect": "Allow",
                "not_actions": [],
                "not_principals": [],
                "not_resources": [],
                "principals": [],
                "resources": [
                  "arn:aws:s3:::your-unique-artifact-bucket-use1-123456/*",
                  "arn:aws:s3:::your-unique-scripts-bucket-use1-123456/*"
                ],
                "sid": ""
              },
              {
                "actions": [
                  "logs:CreateLogGroup",
                  "logs:CreateLogStream",
                  "logs:PutLogEvents"
                ],
                "condition": [],
                "effect": "Allow",
                "not_actions": [],
                "not_principals": [],
                "not_resources": [],
                "principals": [],
                "resources": [
                  "*"
                ],
                "sid": ""
              },
              {
                "actions": [
                  "glue:StartJobRun"
                ],
                "condition": [],
                "effect": "Allow",
                "not_actions": [],
                "not_principals": [],
                "not_resources": [],
                "principals": [],
                "resources": [
                  "arn:aws:glue:us-east-1:147649276518:job/user-events-etl-prod-use1",
                  "arn:aws:glue:us-east-1:147649276518:job/user-events-etl-test-use1"
                ],
                "sid": ""
              }
            ],
            "version": "2012-10-17"
          },
          "sensitive_attributes": [],
          "identity_schema_version": 0
        }
      ]
    },
    {
      "mode": "data",
      "type": "aws_iam_policy_document",
      "name": "codepipeline_assume",
      "provider": "provider[\"registry.terraform.io/hashicorp/aws\"]",
      "instances": [
        {
          "schema_version": 0,
          "attributes": {
            "id": "2245101310",
            "json": "{\n  \"Version\": \"2012-10-17\",\n  \"Statement\": [\n    {\n      \"Effect\": \"Allow\",\n      \"Action\": \"sts:AssumeRole\",\n      \"Principal\": {\n        \"Service\": \"codepipeline.amazonaws.com\"\n      }\n    }\n  ]\n}",
            "minified_json": "{\"Version\":\"2012-10-17\",\"Statement\":[{\"Effect\":\"Allow\",\"Action\":\"sts:AssumeRole\",\"Principal\":{\"Service\":\"codepipeline.amazonaws.com\"}}]}",
            "override_json": null,
            "override_policy_documents": null,
            "policy_id": null,
            "source_json": null,
            "source_policy_documents": null,
            "statement": [
              {
                "actions": [
                  "sts:AssumeRole"
                ],
                "condition": [],
                "effect": "Allow",
                "not_actions": [],
                "not_principals": [],
                "not_resources": [],
                "principals": [
                  {
                    "identifiers": [
                      "codepipeline.amazonaws.com"
                    ],
                    "type": "Service"
                  }
                ],
                "resources": [],
                "sid": ""
              }
            ],
            "version": "2012-10-17"
          },
          "sensitive_attributes": [],
          "identity_schema_version": 0
        }
      ]
    },
    {
      "mode": "data",
      "type": "aws_iam_policy_document",
      "name": "codepipeline_policy_doc",
      "provider": "provider[\"registry.terraform.io/hashicorp/aws\"]",
      "instances": [
        {
          "schema_version": 0,
          "attributes": {
            "id": "89749258",
            "json": "{\n  \"Version\": \"2012-10-17\",\n  \"Statement\": [\n    {\n      \"Effect\": \"Allow\",\n      \"Action\": \"codestar-connections:UseConnection\",\n      \"Resource\": \"arn:aws:codestar-connections:us-east-1:147649276518:connection/c170c957-6843-4058-9d56-e314077597df\"\n    },\n    {\n      \"Effect\": \"Allow\",\n      \"Action\": [\n        \"s3:PutObject\",\n        \"s3:GetObjectVersion\",\n        \"s3:GetObject\",\n        \"s3:GetBucketVersioning\"\n      ],\n      \"Resource\": [\n        \"arn:aws:s3:::your-unique-artifact-bucket-use1-123456/*\",\n        \"arn:aws:s3:::your-unique-artifact-bucket-use1-123456\"\n      ]\n    },\n    {\n      \"Effect\": \"Allow\",\n      \"Action\": [\n        \"codebuild:StartBuild\",\n        \"codebuild:BatchGetBuilds\"\n      ],\n      \"Resource\": [\n        \"arn:aws:codebuild:us-east-1:147649276518:project/deploy-glue-script-test-use1\",\n        \"arn:aws:codebuild:us-east-1:147649276518:project/deploy-glue-script-prod-use1\"\n      ]\n    }\n  ]\n}",
            "minified_json": "{\"Version\":\"2012-10-17\",\"Statement\":[{\"Effect\":\"Allow\",\"Action\":\"codestar-connections:UseConnection\",\"Resource\":\"arn:aws:codestar-connections:us-east-1:147649276518:connection/c170c957-6843-4058-9d56-e314077597df\"},{\"Effect\":\"Allow\",\"Action\":[\"s3:PutObject\",\"s3:GetObjectVersion\",\"s3:GetObject\",\"s3:GetBucketVersioning\"],\"Resource\":[\"arn:aws:s3:::your-unique-artifact-bucket-use1-123456/*\",\"arn:aws:s3:::your-unique-artifact-bucket-use1-123456\"]},{\"Effect\":\"Allow\",\"Action\":[\"codebuild:StartBuild\",\"codebuild:BatchGetBuilds\"],\"Resource\":[\"arn:aws:codebuild:us-east-1:147649276518:project/deploy-glue-script-test-use1\",\"arn:aws:codebuild:us-east-1:147649276518:project/deploy-glue-script-prod-use1\"]}]}",
            "override_json": null,
            "override_policy_documents": null,
            "policy_id": null,
            "source_json": null,
            "source_policy_documents": null,
            "statement": [
              {
                "actions": [
                  "codestar-connections:UseConnection"
                ],
                "condition": [],
                "effect": "Allow",
                "not_actions": [],
                "not_principals": [],
                "not_resources": [],
                "principals": [],
                "resources": [
                  "arn:aws:codestar-connections:us-east-1:147649276518:connection/c170c957-6843-4058-9d56-e314077597df"
                ],
                "sid": ""
              },
              {
                "actions": [
                  "s3:GetBucketVersioning",
                  "s3:GetObject",
                  "s3:GetObjectVersion",
                  "s3:PutObject"
                ],
                "condition": [],
                "effect": "Allow",
                "not_actions": [],
                "not_principals": [],
                "not_resources": [],
                "principals": [],
                "resources": [
                  "arn:aws:s3:::your-unique-artifact-bucket-use1-123456",
                  "arn:aws:s3:::your-unique-artifact-bucket-use1-123456/*"
                ],
                "sid": ""
              },
              {
                "actions": [
                  "codebuild:BatchGetBuilds",
                  "codebuild:StartBuild"
                ],
                "condition": [],
                "effect": "Allow",
                "not_actions": [],
                "not_principals": [],
                "not_resources": [],
                "principals": [],
                "resources": [
                  "arn:aws:codebuild:us-east-1:147649276518:project/deploy-glue-script-prod-use1",
                  "arn:aws:codebuild:us-east-1:147649276518:project/deploy-glue-script-test-use1"
                ],
                "sid": ""
              }
            ],
            "version": "2012-10-17"
          },
          "sensitive_attributes": [],
          "identity_schema_version": 0
        }
      ]
    },
    {
      "mode": "data",
      "type": "aws_iam_policy_document",
      "name": "glue_assume",
      "provider": "provider[\"registry.terraform.io/hashicorp/aws\"]",
      "instances": [
        {
          "schema_version": 0,
          "attributes": {
            "id": "2681768870",
            "json": "{\n  \"Version\": \"2012-10-17\",\n  \"Statement\": [\n    {\n      \"Effect\": \"Allow\",\n      \"Action\": \"sts:AssumeRole\",\n      \"Principal\": {\n        \"Service\": \"glue.amazonaws.com\"\n      }\n    }\n  ]\n}",
            "minified_json": "{\"Version\":\"2012-10-17\",\"Statement\":[{\"Effect\":\"Allow\",\"Action\":\"sts:AssumeRole\",\"Principal\":{\"Service\":\"glue.amazonaws.com\"}}]}",
            "override_json": null,
            "override_policy_documents": null,
            "policy_id": null,
            "source_json": null,
            "source_policy_documents": null,
            "statement": [
              {
                "actions": [
                  "sts:AssumeRole"
                ],
                "condition": [],
                "effect": "Allow",
                "not_actions": [],
                "not_principals": [],
                "not_resources": [],
                "principals": [
                  {
                    "identifiers": [
                      "glue.amazonaws.com"
                    ],
                    "type": "Service"
                  }
                ],
                "resources": [],
                "sid": ""
              }
            ],
            "version": "2012-10-17"
          },
          "sensitive_attributes": [],
          "identity_schema_version": 0
        }
      ]
    },
    {
      "mode": "data",
      "type": "aws_iam_policy_document",
      "name": "glue_policy_doc",
      "provider": "provider[\"registry.terraform.io/hashicorp/aws\"]",
      "instances": [
        {
          "schema_version": 0,
          "attributes": {
            "id": "2093703753",
            "json": "{\n  \"Version\": \"2012-10-17\",\n  \"Statement\": [\n    {\n      \"Effect\": \"Allow\",\n      \"Action\": \"s3:ListBucket\",\n      \"Resource\": [\n        \"arn:aws:s3:::your-unique-scripts-bucket-use1-123456\",\n        \"arn:aws:s3:::your-test-data-bucket-use1\",\n        \"arn:aws:s3:::your-prod-data-bucket-use1\"\n      ]\n    },\n    {\n      \"Effect\": \"Allow\",\n      \"Action\": [\n        \"s3:PutObject\",\n        \"s3:GetObject\",\n        \"s3:DeleteObject\"\n      ],\n      \"Resource\": [\n        \"arn:aws:s3:::your-unique-scripts-bucket-use1-123456/*\",\n        \"arn:aws:s3:::your-test-data-bucket-use1/*\",\n        \"arn:aws:s3:::your-prod-data-bucket-use1/*\"\n      ]\n    },\n    {\n      \"Effect\": \"Allow\",\n      \"Action\": [\n        \"logs:PutLogEvents\",\n        \"logs:DescribeLogStreams\",\n        \"logs:CreateLogStream\",\n        \"logs:CreateLogGroup\"\n      ],\n      \"Resource\": \"*\"\n    }\n  ]\n}",
            "minified_json": "{\"Version\":\"2012-10-17\",\"Statement\":[{\"Effect\":\"Allow\",\"Action\":\"s3:ListBucket\",\"Resource\":[\"arn:aws:s3:::your-unique-scripts-bucket-use1-123456\",\"arn:aws:s3:::your-test-data-bucket-use1\",\"arn:aws:s3:::your-prod-data-bucket-use1\"]},{\"Effect\":\"Allow\",\"Action\":[\"s3:PutObject\",\"s3:GetObject\",\"s3:DeleteObject\"],\"Resource\":[\"arn:aws:s3:::your-unique-scripts-bucket-use1-123456/*\",\"arn:aws:s3:::your-test-data-bucket-use1/*\",\"arn:aws:s3:::your-prod-data-bucket-use1/*\"]},{\"Effect\":\"Allow\",\"Action\":[\"logs:PutLogEvents\",\"logs:DescribeLogStreams\",\"logs:CreateLogStream\",\"logs:CreateLogGroup\"],\"Resource\":\"*\"}]}",
            "override_json": null,
            "override_policy_documents": null,
            "policy_id": null,
            "source_json": null,
            "source_policy_documents": null,
            "statement": [
              {
                "actions": [
                  "s3:ListBucket"
                ],
                "condition": [],
                "effect": "Allow",
                "not_actions": [],
                "not_principals": [],
                "not_resources": [],
                "principals": [],
                "resources": [
                  "arn:aws:s3:::your-prod-data-bucket-use1",
                  "arn:aws:s3:::your-test-data-bucket-use1",
                  "arn:aws:s3:::your-unique-scripts-bucket-use1-123456"
                ],
                "sid": ""
              },
              {
                "actions": [
                  "s3:DeleteObject",
                  "s3:GetObject",
                  "s3:PutObject"
                ],
                "condition": [],
                "effect": "Allow",
                "not_actions": [],
                "not_principals": [],
                "not_resources": [],
                "principals": [],
                "resources": [
                  "arn:aws:s3:::your-prod-data-bucket-use1/*",
                  "arn:aws:s3:::your-test-data-bucket-use1/*",
                  "arn:aws:s3:::your-unique-scripts-bucket-use1-123456/*"
                ],
                "sid": ""
              },
              {
                "actions": [
                  "logs:CreateLogGroup",
                  "logs:CreateLogStream",
                  "logs:DescribeLogStreams",
                  "logs:PutLogEvents"
                ],
                "condition": [],
                "effect": "Allow",
                "not_actions": [],
                "not_principals": [],
                "not_resources": [],
                "principals": [],
                "resources": [
                  "*"
                ],
                "sid": ""
              }
            ],
            "version": "2012-10-17"
          },
          "sensitive_attributes": [],
          "identity_schema_version": 0
        }
      ]
    },
    {
      "mode": "data",
      "type": "aws_partition",
      "name": "current",
      "provider": "provider[\"registry.terraform.io/hashicorp/aws\"]",
      "instances": [
        {
          "schema_version": 0,
          "attributes": {
            "dns_suffix": "amazonaws.com",
            "id": "aws",
            "partition": "aws",
            "reverse_dns_prefix": "com.amazonaws"
          },
          "sensitive_attributes": [],
          "identity_schema_version": 0
        }
      ]
    },
    {
      "mode": "managed",
      "type": "aws_codebuild_project",
      "name": "deploy_prod",
      "provider": "provider[\"registry.terraform.io/hashicorp/aws\"]",
      "instances": [
        {
          "schema_version": 0,
          "attributes": {
            "arn": "arn:aws:codebuild:us-east-1:147649276518:project/deploy-glue-script-prod-use1",
            "artifacts": [
              {
                "artifact_identifier": "",
                "bucket_owner_access": "",
                "encryption_disabled": false,
                "location": "",
                "name": "deploy-glue-script-prod-use1",
                "namespace_type": "",
                "override_artifact_name": false,
                "packaging": "NONE",
                "path": "",
                "type": "CODEPIPELINE"
              }
            ],
            "auto_retry_limit": 0,
            "badge_enabled": false,
            "badge_url": "",
            "build_batch_config": [],
            "build_timeout": 15,
            "cache": [
              {
                "cache_namespace": "",
                "location": "",
                "modes": [],
                "type": "NO_CACHE"
              }
            ],
            "concurrent_build_limit": 0,
            "description": "",
            "encryption_key": "arn:aws:kms:us-east-1:147649276518:alias/aws/s3",
            "environment": [
              {
                "certificate": "",
                "compute_type": "BUILD_GENERAL1_SMALL",
                "docker_server": [],
                "environment_variable": [
                  {
                    "name": "SCRIPTS_BUCKET",
                    "type": "PLAINTEXT",
                    "value": "your-unique-scripts-bucket-use1-123456"
                  },
                  {
                    "name": "GLUE_JOB_NAME",
                    "type": "PLAINTEXT",
                    "value": "user-events-etl-prod-use1"
                  }
                ],
                "fleet": [],
                "image": "aws/codebuild/standard:7.0",
                "image_pull_credentials_type": "CODEBUILD",
                "privileged_mode": false,
                "registry_credential": [],
                "type": "LINUX_CONTAINER"
              }
            ],
            "file_system_locations": [],
            "id": "arn:aws:codebuild:us-east-1:147649276518:project/deploy-glue-script-prod-use1",
            "logs_config": [
              {
                "cloudwatch_logs": [
                  {
                    "group_name": "",
                    "status": "ENABLED",
                    "stream_name": ""
                  }
                ],
                "s3_logs": [
                  {
                    "bucket_owner_access": "",
                    "encryption_disabled": false,
                    "location": "",
                    "status": "DISABLED"
                  }
                ]
              }
            ],
            "name": "deploy-glue-script-prod-use1",
            "project_visibility": "PRIVATE",
            "public_project_alias": "",
            "queued_timeout": 480,
            "region": "us-east-1",
            "resource_access_role": "",
            "secondary_artifacts": [],
            "secondary_source_version": [],
            "secondary_sources": [],
            "service_role": "arn:aws:iam::147649276518:role/codebuild-glue-etl-role-use1",
            "source": [
              {
                "auth": [],
                "build_status_config": [],
                "buildspec": "buildspec-prod.yml",
                "git_clone_depth": 0,
                "git_submodules_config": [],
                "insecure_ssl": false,
                "location": "",
                "report_build_status": false,
                "type": "CODEPIPELINE"
              }
            ],
            "source_version": "",
            "tags": {},
            "tags_all": {},
            "vpc_config": []
          },
          "sensitive_attributes": [],
          "identity_schema_version": 0,
          "identity": {
            "arn": "arn:aws:codebuild:us-east-1:147649276518:project/deploy-glue-script-prod-use1"
          },
          "private": "bnVsbA==",
          "dependencies": [
            "aws_glue_job.prod",
            "aws_iam_role.codebuild_role",
            "aws_iam_role.glue_role",
            "data.aws_iam_policy_document.codebuild_assume",
            "data.aws_iam_policy_document.glue_assume"
          ]
        }
      ]
    },
    {
      "mode": "managed",
      "type": "aws_codebuild_project",
      "name": "deploy_test",
      "provider": "provider[\"registry.terraform.io/hashicorp/aws\"]",
      "instances": [
        {
          "schema_version": 0,
          "attributes": {
            "arn": "arn:aws:codebuild:us-east-1:147649276518:project/deploy-glue-script-test-use1",
            "artifacts": [
              {
                "artifact_identifier": "",
                "bucket_owner_access": "",
                "encryption_disabled": false,
                "location": "",
                "name": "deploy-glue-script-test-use1",
                "namespace_type": "",
                "override_artifact_name": false,
                "packaging": "NONE",
                "path": "",
                "type": "CODEPIPELINE"
              }
            ],
            "auto_retry_limit": 0,
            "badge_enabled": false,
            "badge_url": "",
            "build_batch_config": [],
            "build_timeout": 15,
            "cache": [
              {
                "cache_namespace": "",
                "location": "",
                "modes": [],
                "type": "NO_CACHE"
              }
            ],
            "concurrent_build_limit": 0,
            "description": "",
            "encryption_key": "arn:aws:kms:us-east-1:147649276518:alias/aws/s3",
            "environment": [
              {
                "certificate": "",
                "compute_type": "BUILD_GENERAL1_SMALL",
                "docker_server": [],
                "environment_variable": [
                  {
                    "name": "SCRIPTS_BUCKET",
                    "type": "PLAINTEXT",
                    "value": "your-unique-scripts-bucket-use1-123456"
                  },
                  {
                    "name": "GLUE_JOB_NAME",
                    "type": "PLAINTEXT",
                    "value": "user-events-etl-test-use1"
                  }
                ],
                "fleet": [],
                "image": "aws/codebuild/standard:7.0",
                "image_pull_credentials_type": "CODEBUILD",
                "privileged_mode": false,
                "registry_credential": [],
                "type": "LINUX_CONTAINER"
              }
            ],
            "file_system_locations": [],
            "id": "arn:aws:codebuild:us-east-1:147649276518:project/deploy-glue-script-test-use1",
            "logs_config": [
              {
                "cloudwatch_logs": [
                  {
                    "group_name": "",
                    "status": "ENABLED",
                    "stream_name": ""
                  }
                ],
                "s3_logs": [
                  {
                    "bucket_owner_access": "",
                    "encryption_disabled": false,
                    "location": "",
                    "status": "DISABLED"
                  }
                ]
              }
            ],
            "name": "deploy-glue-script-test-use1",
            "project_visibility": "PRIVATE",
            "public_project_alias": "",
            "queued_timeout": 480,
            "region": "us-east-1",
            "resource_access_role": "",
            "secondary_artifacts": [],
            "secondary_source_version": [],
            "secondary_sources": [],
            "service_role": "arn:aws:iam::147649276518:role/codebuild-glue-etl-role-use1",
            "source": [
              {
                "auth": [],
                "build_status_config": [],
                "buildspec": "buildspec-test.yml",
                "git_clone_depth": 0,
                "git_submodules_config": [],
                "insecure_ssl": false,
                "location": "",
                "report_build_status": false,
                "type": "CODEPIPELINE"
              }
            ],
            "source_version": "",
            "tags": {},
            "tags_all": {},
            "vpc_config": []
          },
          "sensitive_attributes": [],
          "identity_schema_version": 0,
          "identity": {
            "arn": "arn:aws:codebuild:us-east-1:147649276518:project/deploy-glue-script-test-use1"
          },
          "private": "bnVsbA==",
          "dependencies": [
            "aws_glue_job.test",
            "aws_iam_role.codebuild_role",
            "aws_iam_role.glue_role",
            "data.aws_iam_policy_document.codebuild_assume",
            "data.aws_iam_policy_document.glue_assume"
          ]
        }
      ]
    },
    {
      "mode": "managed",
      "type": "aws_codepipeline",
      "name": "prod",
      "provider": "provider[\"registry.terraform.io/hashicorp/aws\"]",
      "instances": [
        {
          "schema_version": 0,
          "attributes": {
            "arn": "arn:aws:codepipeline:us-east-1:147649276518:glue-etl-prod-pipeline-use1",
            "artifact_store": [
              {
                "encryption_key": [],
                "location": "your-unique-artifact-bucket-use1-123456",
                "region": "",
                "type": "S3"
              }
            ],
            "execution_mode": "SUPERSEDED",
            "id": "glue-etl-prod-pipeline-use1",
            "name": "glue-etl-prod-pipeline-use1",
            "pipeline_type": "V1",
            "region": "us-east-1",
            "role_arn": "arn:aws:iam::147649276518:role/codepipeline-glue-etl-role-use1",
            "stage": [
              {
                "action": [
                  {
                    "category": "Source",
                    "configuration": {
                      "BranchName": "main",
                      "ConnectionArn": "arn:aws:codestar-connections:us-east-1:147649276518:connection/c170c957-6843-4058-9d56-e314077597df",
                      "DetectChanges": "true",
                      "FullRepositoryId": "itsvaishnavi/spark-etl-codepipeline-terraform-cicd"
                    },
                    "input_artifacts": [],
                    "name": "SourceFromGitHub",
                    "namespace": "",
                    "output_artifacts": [
                      "source_output"
                    ],
                    "owner": "AWS",
                    "provider": "CodeStarSourceConnection",
                    "region": "",
                    "role_arn": "",
                    "run_order": 1,
                    "timeout_in_minutes": 0,
                    "version": "1"
                  }
                ],
                "before_entry": [],
                "name": "Source",
                "on_failure": [],
                "on_success": []
              },
              {
                "action": [
                  {
                    "category": "Build",
                    "configuration": {
                      "ProjectName": "deploy-glue-script-prod-use1"
                    },
                    "input_artifacts": [
                      "source_output"
                    ],
                    "name": "DeployScript",
                    "namespace": "",
                    "output_artifacts": [],
                    "owner": "AWS",
                    "provider": "CodeBuild",
                    "region": "",
                    "role_arn": "",
                    "run_order": 1,
                    "timeout_in_minutes": 0,
                    "version": "1"
                  }
                ],
                "before_entry": [],
                "name": "Deploy",
                "on_failure": [],
                "on_success": []
              }
            ],
            "tags": {},
            "tags_all": {},
            "trigger": [],
            "trigger_all": [],
            "variable": []
          },
          "sensitive_attributes": [],
          "identity_schema_version": 0,
          "private": "bnVsbA==",
          "dependencies": [
            "aws_codebuild_project.deploy_prod",
            "aws_codestarconnections_connection.github",
            "aws_glue_job.prod",
            "aws_iam_role.codebuild_role",
            "aws_iam_role.codepipeline_role",
            "aws_iam_role.glue_role",
            "data.aws_iam_policy_document.codebuild_assume",
            "data.aws_iam_policy_document.codepipeline_assume",
            "data.aws_iam_policy_document.glue_assume"
          ]
        }
      ]
    },
    {
      "mode": "managed",
      "type": "aws_codepipeline",
      "name": "test",
      "provider": "provider[\"registry.terraform.io/hashicorp/aws\"]",
      "instances": [
        {
          "schema_version": 0,
          "attributes": {
            "arn": "arn:aws:codepipeline:us-east-1:147649276518:glue-etl-test-pipeline-use1",
            "artifact_store": [
              {
                "encryption_key": [],
                "location": "your-unique-artifact-bucket-use1-123456",
                "region": "",
                "type": "S3"
              }
            ],
            "execution_mode": "SUPERSEDED",
            "id": "glue-etl-test-pipeline-use1",
            "name": "glue-etl-test-pipeline-use1",
            "pipeline_type": "V1",
            "region": "us-east-1",
            "role_arn": "arn:aws:iam::147649276518:role/codepipeline-glue-etl-role-use1",
            "stage": [
              {
                "action": [
                  {
                    "category": "Source",
                    "configuration": {
                      "BranchName": "test",
                      "ConnectionArn": "arn:aws:codestar-connections:us-east-1:147649276518:connection/c170c957-6843-4058-9d56-e314077597df",
                      "DetectChanges": "true",
                      "FullRepositoryId": "itsvaishnavi/spark-etl-codepipeline-terraform-cicd"
                    },
                    "input_artifacts": [],
                    "name": "SourceFromGitHub",
                    "namespace": "",
                    "output_artifacts": [
                      "source_output"
                    ],
                    "owner": "AWS",
                    "provider": "CodeStarSourceConnection",
                    "region": "",
                    "role_arn": "",
                    "run_order": 1,
                    "timeout_in_minutes": 0,
                    "version": "1"
                  }
                ],
                "before_entry": [],
                "name": "Source",
                "on_failure": [],
                "on_success": []
              },
              {
                "action": [
                  {
                    "category": "Build",
                    "configuration": {
                      "ProjectName": "deploy-glue-script-test-use1"
                    },
                    "input_artifacts": [
                      "source_output"
                    ],
                    "name": "DeployScriptAndRunJob",
                    "namespace": "",
                    "output_artifacts": [],
                    "owner": "AWS",
                    "provider": "CodeBuild",
                    "region": "",
                    "role_arn": "",
                    "run_order": 1,
                    "timeout_in_minutes": 0,
                    "version": "1"
                  }
                ],
                "before_entry": [],
                "name": "DeployAndRun",
                "on_failure": [],
                "on_success": []
              }
            ],
            "tags": {},
            "tags_all": {},
            "trigger": [],
            "trigger_all": [],
            "variable": []
          },
          "sensitive_attributes": [],
          "identity_schema_version": 0,
          "private": "bnVsbA==",
          "dependencies": [
            "aws_codebuild_project.deploy_test",
            "aws_codestarconnections_connection.github",
            "aws_glue_job.test",
            "aws_iam_role.codebuild_role",
            "aws_iam_role.codepipeline_role",
            "aws_iam_role.glue_role",
            "data.aws_iam_policy_document.codebuild_assume",
            "data.aws_iam_policy_document.codepipeline_assume",
            "data.aws_iam_policy_document.glue_assume"
          ]
        }
      ]
    },
    {
      "mode": "managed",
      "type": "aws_codestarconnections_connection",
      "name": "github",
      "provider": "provider[\"registry.terraform.io/hashicorp/aws\"]",
      "instances": [
        {
          "schema_version": 0,
          "attributes": {
            "arn": "arn:aws:codestar-connections:us-east-1:147649276518:connection/c170c957-6843-4058-9d56-e314077597df",
            "connection_status": "AVAILABLE",
            "host_arn": "",
            "id": "arn:aws:codestar-connections:us-east-1:147649276518:connection/c170c957-6843-4058-9d56-e314077597df",
            "name": "github-connection-use1",
            "provider_type": "GitHub",
            "region": "us-east-1",
            "tags": {},
            "tags_all": {}
          },
          "sensitive_attributes": [],
          "identity_schema_version": 0,
          "identity": {
            "arn": "arn:aws:codestar-connections:us-east-1:147649276518:connection/c170c957-6843-4058-9d56-e314077597df"
          },
          "private": "bnVsbA=="
        }
      ]
    },
    {
      "mode": "managed",
      "type": "aws_glue_job",
      "name": "prod",
      "provider": "provider[\"registry.terraform.io/hashicorp/aws\"]",
      "instances": [
        {
          "schema_version": 0,
          "attributes": {
            "arn": "arn:aws:glue:us-east-1:147649276518:job/user-events-etl-prod-use1",
            "command": [
              {
                "name": "glueetl",
                "python_version": "3",
                "runtime": "",
                "script_location": "s3://your-unique-scripts-bucket-use1-123456/glue-scripts/main/user_events_etl.py"
              }
            ],
            "connections": [],
            "default_arguments": {
              "--bucket": "your-prod-data-bucket-use1",
              "--curated_prefix": "curated/user_events/",
              "--enable-continuous-cloudwatch-log": "true",
              "--enable-metrics": "true",
              "--job-language": "python",
              "--quarantine_prefix": "quarantine/user_events/",
              "--raw_prefix": "raw/user_events/"
            },
            "description": "",
            "execution_class": "",
            "execution_property": [
              {
                "max_concurrent_runs": 1
              }
            ],
            "glue_version": "4.0",
            "id": "user-events-etl-prod-use1",
            "job_mode": "SCRIPT",
            "job_run_queuing_enabled": false,
            "maintenance_window": "",
            "max_capacity": 2,
            "max_retries": 0,
            "name": "user-events-etl-prod-use1",
            "non_overridable_arguments": {},
            "notification_property": [],
            "number_of_workers": 2,
            "region": "us-east-1",
            "role_arn": "arn:aws:iam::147649276518:role/glue-etl-role-use1",
            "security_configuration": "",
            "source_control_details": [],
            "tags": {},
            "tags_all": {},
            "timeout": 2880,
            "worker_type": "G.1X"
          },
          "sensitive_attributes": [],
          "identity_schema_version": 0,
          "private": "bnVsbA==",
          "dependencies": [
            "aws_iam_role.glue_role",
            "data.aws_iam_policy_document.glue_assume"
          ]
        }
      ]
    },
    {
      "mode": "managed",
      "type": "aws_glue_job",
      "name": "test",
      "provider": "provider[\"registry.terraform.io/hashicorp/aws\"]",
      "instances": [
        {
          "schema_version": 0,
          "attributes": {
            "arn": "arn:aws:glue:us-east-1:147649276518:job/user-events-etl-test-use1",
            "command": [
              {
                "name": "glueetl",
                "python_version": "3",
                "runtime": "",
                "script_location": "s3://your-unique-scripts-bucket-use1-123456/glue-scripts/test/user_events_etl.py"
              }
            ],
            "connections": [],
            "default_arguments": {
              "--bucket": "your-test-data-bucket-use1",
              "--curated_prefix": "curated/user_events/",
              "--enable-continuous-cloudwatch-log": "true",
              "--enable-metrics": "true",
              "--job-language": "python",
              "--quarantine_prefix": "quarantine/user_events/",
              "--raw_prefix": "raw/user_events/"
            },
            "description": "",
            "execution_class": "",
            "execution_property": [
              {
                "max_concurrent_runs": 1
              }
            ],
            "glue_version": "4.0",
            "id": "user-events-etl-test-use1",
            "job_mode": "SCRIPT",
            "job_run_queuing_enabled": false,
            "maintenance_window": "",
            "max_capacity": 2,
            "max_retries": 0,
            "name": "user-events-etl-test-use1",
            "non_overridable_arguments": {},
            "notification_property": [],
            "number_of_workers": 2,
            "region": "us-east-1",
            "role_arn": "arn:aws:iam::147649276518:role/glue-etl-role-use1",
            "security_configuration": "",
            "source_control_details": [],
            "tags": {},
            "tags_all": {},
            "timeout": 2880,
            "worker_type": "G.1X"
          },
          "sensitive_attributes": [],
          "identity_schema_version": 0,
          "private": "bnVsbA==",
          "dependencies": [
            "aws_iam_role.glue_role",
            "data.aws_iam_policy_document.glue_assume"
          ]
        }
      ]
    },
    {
      "mode": "managed",
      "type": "aws_iam_policy",
      "name": "codebuild_policy",
      "provider": "provider[\"registry.terraform.io/hashicorp/aws\"]",
      "instances": [
        {
          "schema_version": 0,
          "attributes": {
            "arn": "arn:aws:iam::147649276518:policy/codebuild-glue-etl-policy-use1",
            "attachment_count": 1,
            "delay_after_policy_creation_in_ms": null,
            "description": "",
            "id": "arn:aws:iam::147649276518:policy/codebuild-glue-etl-policy-use1",
            "name": "codebuild-glue-etl-policy-use1",
            "name_prefix": "",
            "path": "/",
            "policy": "{\"Statement\":[{\"Action\":[\"s3:PutObject\",\"s3:GetObjectVersion\",\"s3:GetObject\"],\"Effect\":\"Allow\",\"Resource\":[\"arn:aws:s3:::your-unique-scripts-bucket-use1-123456/*\",\"arn:aws:s3:::your-unique-artifact-bucket-use1-123456/*\"]},{\"Action\":[\"logs:PutLogEvents\",\"logs:CreateLogStream\",\"logs:CreateLogGroup\"],\"Effect\":\"Allow\",\"Resource\":\"*\"},{\"Action\":\"glue:StartJobRun\",\"Effect\":\"Allow\",\"Resource\":[\"arn:aws:glue:us-east-1:147649276518:job/user-events-etl-test-use1\",\"arn:aws:glue:us-east-1:147649276518:job/user-events-etl-prod-use1\"]}],\"Version\":\"2012-10-17\"}",
            "policy_id": "ANPASEYEVFJTEVLXCK4PT",
            "tags": {},
            "tags_all": {}
          },
          "sensitive_attributes": [],
          "identity_schema_version": 0,
          "identity": {
            "arn": "arn:aws:iam::147649276518:policy/codebuild-glue-etl-policy-use1"
          },
          "private": "bnVsbA==",
          "dependencies": [
            "aws_glue_job.prod",
            "aws_glue_job.test",
            "aws_iam_role.glue_role",
            "data.aws_iam_policy_document.codebuild_policy_doc",
            "data.aws_iam_policy_document.glue_assume",
            "data.aws_partition.current"
          ]
        }
      ]
    },
    {
      "mode": "managed",
      "type": "aws_iam_policy",
      "name": "codepipeline_policy",
      "provider": "provider[\"registry.terraform.io/hashicorp/aws\"]",
      "instances": [
        {
          "schema_version": 0,
          "attributes": {
            "arn": "arn:aws:iam::147649276518:policy/codepipeline-glue-etl-policy-use1",
            "attachment_count": 1,
            "delay_after_policy_creation_in_ms": null,
            "description": "",
            "id": "arn:aws:iam::147649276518:policy/codepipeline-glue-etl-policy-use1",
            "name": "codepipeline-glue-etl-policy-use1",
            "name_prefix": "",
            "path": "/",
            "policy": "{\"Statement\":[{\"Action\":\"codestar-connections:UseConnection\",\"Effect\":\"Allow\",\"Resource\":\"arn:aws:codestar-connections:us-east-1:147649276518:connection/c170c957-6843-4058-9d56-e314077597df\"},{\"Action\":[\"s3:PutObject\",\"s3:GetObjectVersion\",\"s3:GetObject\",\"s3:GetBucketVersioning\"],\"Effect\":\"Allow\",\"Resource\":[\"arn:aws:s3:::your-unique-artifact-bucket-use1-123456/*\",\"arn:aws:s3:::your-unique-artifact-bucket-use1-123456\"]},{\"Action\":[\"codebuild:StartBuild\",\"codebuild:BatchGetBuilds\"],\"Effect\":\"Allow\",\"Resource\":[\"arn:aws:codebuild:us-east-1:147649276518:project/deploy-glue-script-test-use1\",\"arn:aws:codebuild:us-east-1:147649276518:project/deploy-glue-script-prod-use1\"]}],\"Version\":\"2012-10-17\"}",
            "policy_id": "ANPASEYEVFJTIF7I4KI6J",
            "tags": {},
            "tags_all": {}
          },
          "sensitive_attributes": [],
          "identity_schema_version": 0,
          "identity": {
            "arn": "arn:aws:iam::147649276518:policy/codepipeline-glue-etl-policy-use1"
          },
          "private": "bnVsbA==",
          "dependencies": [
            "aws_codebuild_project.deploy_prod",
            "aws_codebuild_project.deploy_test",
            "aws_codestarconnections_connection.github",
            "aws_glue_job.prod",
            "aws_glue_job.test",
            "aws_iam_role.codebuild_role",
            "aws_iam_role.glue_role",
            "data.aws_iam_policy_document.codebuild_assume",
            "data.aws_iam_policy_document.codepipeline_policy_doc",
            "data.aws_iam_policy_document.glue_assume",
            "data.aws_partition.current"
          ]
        }
      ]
    },
    {
      "mode": "managed",
      "type": "aws_iam_policy",
      "name": "glue_policy",
      "provider": "provider[\"registry.terraform.io/hashicorp/aws\"]",
      "instances": [
        {
          "schema_version": 0,
          "attributes": {
            "arn": "arn:aws:iam::147649276518:policy/glue-etl-policy-use1",
            "attachment_count": 1,
            "delay_after_policy_creation_in_ms": null,
            "description": "",
            "id": "arn:aws:iam::147649276518:policy/glue-etl-policy-use1",
            "name": "glue-etl-policy-use1",
            "name_prefix": "",
            "path": "/",
            "policy": "{\"Statement\":[{\"Action\":\"s3:ListBucket\",\"Effect\":\"Allow\",\"Resource\":[\"arn:aws:s3:::your-unique-scripts-bucket-use1-123456\",\"arn:aws:s3:::your-test-data-bucket-use1\",\"arn:aws:s3:::your-prod-data-bucket-use1\"]},{\"Action\":[\"s3:PutObject\",\"s3:GetObject\",\"s3:DeleteObject\"],\"Effect\":\"Allow\",\"Resource\":[\"arn:aws:s3:::your-unique-scripts-bucket-use1-123456/*\",\"arn:aws:s3:::your-test-data-bucket-use1/*\",\"arn:aws:s3:::your-prod-data-bucket-use1/*\"]},{\"Action\":[\"logs:PutLogEvents\",\"logs:DescribeLogStreams\",\"logs:CreateLogStream\",\"logs:CreateLogGroup\"],\"Effect\":\"Allow\",\"Resource\":\"*\"}],\"Version\":\"2012-10-17\"}",
            "policy_id": "ANPASEYEVFJTE5KCVYUHW",
            "tags": {},
            "tags_all": {}
          },
          "sensitive_attributes": [],
          "identity_schema_version": 0,
          "identity": {
            "arn": "arn:aws:iam::147649276518:policy/glue-etl-policy-use1"
          },
          "private": "bnVsbA==",
          "dependencies": [
            "data.aws_iam_policy_document.glue_policy_doc",
            "data.aws_partition.current"
          ]
        }
      ]
    },
    {
      "mode": "managed",
      "type": "aws_iam_role",
      "name": "codebuild_role",
      "provider": "provider[\"registry.terraform.io/hashicorp/aws\"]",
      "instances": [
        {
          "schema_version": 0,
          "attributes": {
            "arn": "arn:aws:iam::147649276518:role/codebuild-glue-etl-role-use1",
            "assume_role_policy": "{\"Statement\":[{\"Action\":\"sts:AssumeRole\",\"Effect\":\"Allow\",\"Principal\":{\"Service\":\"codebuild.amazonaws.com\"}}],\"Version\":\"2012-10-17\"}",
            "create_date": "2026-02-16T19:30:44Z",
            "description": "",
            "force_detach_policies": false,
            "id": "codebuild-glue-etl-role-use1",
            "inline_policy": [],
            "managed_policy_arns": [
              "arn:aws:iam::147649276518:policy/codebuild-glue-etl-policy-use1"
            ],
            "max_session_duration": 3600,
            "name": "codebuild-glue-etl-role-use1",
            "name_prefix": "",
            "path": "/",
            "permissions_boundary": "",
            "tags": {},
            "tags_all": {},
            "unique_id": "AROASEYEVFJTGZVCMN5DK"
          },
          "sensitive_attributes": [],
          "identity_schema_version": 0,
          "identity": {
            "account_id": "147649276518",
            "name": "codebuild-glue-etl-role-use1"
          },
          "private": "bnVsbA==",
          "dependencies": [
            "data.aws_iam_policy_document.codebuild_assume"
          ]
        }
      ]
    },
    {
      "mode": "managed",
      "type": "aws_iam_role",
      "name": "codepipeline_role",
      "provider": "provider[\"registry.terraform.io/hashicorp/aws\"]",
      "instances": [
        {
          "schema_version": 0,
          "attributes": {
            "arn": "arn:aws:iam::147649276518:role/codepipeline-glue-etl-role-use1",
            "assume_role_policy": "{\"Statement\":[{\"Action\":\"sts:AssumeRole\",\"Effect\":\"Allow\",\"Principal\":{\"Service\":\"codepipeline.amazonaws.com\"}}],\"Version\":\"2012-10-17\"}",
            "create_date": "2026-02-16T19:30:44Z",
            "description": "",
            "force_detach_policies": false,
            "id": "codepipeline-glue-etl-role-use1",
            "inline_policy": [],
            "managed_policy_arns": [
              "arn:aws:iam::147649276518:policy/codepipeline-glue-etl-policy-use1"
            ],
            "max_session_duration": 3600,
            "name": "codepipeline-glue-etl-role-use1",
            "name_prefix": "",
            "path": "/",
            "permissions_boundary": "",
            "tags": {},
            "tags_all": {},
            "unique_id": "AROASEYEVFJTOOANARSPW"
          },
          "sensitive_attributes": [],
          "identity_schema_version": 0,
          "identity": {
            "account_id": "147649276518",
            "name": "codepipeline-glue-etl-role-use1"
          },
          "private": "bnVsbA==",
          "dependencies": [
            "data.aws_iam_policy_document.codepipeline_assume"
          ]
        }
      ]
    },
    {
      "mode": "managed",
      "type": "aws_iam_role",
      "name": "glue_role",
      "provider": "provider[\"registry.terraform.io/hashicorp/aws\"]",
      "instances": [
        {
          "schema_version": 0,
          "attributes": {
            "arn": "arn:aws:iam::147649276518:role/glue-etl-role-use1",
            "assume_role_policy": "{\"Statement\":[{\"Action\":\"sts:AssumeRole\",\"Effect\":\"Allow\",\"Principal\":{\"Service\":\"glue.amazonaws.com\"}}],\"Version\":\"2012-10-17\"}",
            "create_date": "2026-02-16T19:30:44Z",
            "description": "",
            "force_detach_policies": false,
            "id": "glue-etl-role-use1",
            "inline_policy": [],
            "managed_policy_arns": [
              "arn:aws:iam::147649276518:policy/glue-etl-policy-use1",
              "arn:aws:iam::aws:policy/service-role/AWSGlueServiceRole"
            ],
            "max_session_duration": 3600,
            "name": "glue-etl-role-use1",
            "name_prefix": "",
            "path": "/",
            "permissions_boundary": "",
            "tags": {},
            "tags_all": {},
            "unique_id": "AROASEYEVFJTHAZDG26YI"
          },
          "sensitive_attributes": [],
          "identity_schema_version": 0,
          "identity": {
            "account_id": "147649276518",
            "name": "glue-etl-role-use1"
          },
          "private": "bnVsbA==",
          "dependencies": [
            "data.aws_iam_policy_document.glue_assume"
          ]
        }
      ]
    },
    {
      "mode": "managed",
      "type": "aws_iam_role_policy_attachment",
      "name": "codebuild_attach",
      "provider": "provider[\"registry.terraform.io/hashicorp/aws\"]",
      "instances": [
        {
          "schema_version": 0,
          "attributes": {
            "id": "codebuild-glue-etl-role-use1/arn:aws:iam::147649276518:policy/codebuild-glue-etl-policy-use1",
            "policy_arn": "arn:aws:iam::147649276518:policy/codebuild-glue-etl-policy-use1",
            "role": "codebuild-glue-etl-role-use1"
          },
          "sensitive_attributes": [],
          "identity_schema_version": 0,
          "identity": {
            "account_id": "147649276518",
            "policy_arn": "arn:aws:iam::147649276518:policy/codebuild-glue-etl-policy-use1",
            "role": "codebuild-glue-etl-role-use1"
          },
          "private": "bnVsbA==",
          "dependencies": [
            "aws_glue_job.prod",
            "aws_glue_job.test",
            "aws_iam_policy.codebuild_policy",
            "aws_iam_role.codebuild_role",
            "aws_iam_role.glue_role",
            "data.aws_iam_policy_document.codebuild_assume",
            "data.aws_iam_policy_document.codebuild_policy_doc",
            "data.aws_iam_policy_document.glue_assume",
            "data.aws_partition.current"
          ]
        }
      ]
    },
    {
      "mode": "managed",
      "type": "aws_iam_role_policy_attachment",
      "name": "codepipeline_attach",
      "provider": "provider[\"registry.terraform.io/hashicorp/aws\"]",
      "instances": [
        {
          "schema_version": 0,
          "attributes": {
            "id": "codepipeline-glue-etl-role-use1/arn:aws:iam::147649276518:policy/codepipeline-glue-etl-policy-use1",
            "policy_arn": "arn:aws:iam::147649276518:policy/codepipeline-glue-etl-policy-use1",
            "role": "codepipeline-glue-etl-role-use1"
          },
          "sensitive_attributes": [],
          "identity_schema_version": 0,
          "identity": {
            "account_id": "147649276518",
            "policy_arn": "arn:aws:iam::147649276518:policy/codepipeline-glue-etl-policy-use1",
            "role": "codepipeline-glue-etl-role-use1"
          },
          "private": "bnVsbA==",
          "dependencies": [
            "aws_codebuild_project.deploy_prod",
            "aws_codebuild_project.deploy_test",
            "aws_codestarconnections_connection.github",
            "aws_glue_job.prod",
            "aws_glue_job.test",
            "aws_iam_policy.codepipeline_policy",
            "aws_iam_role.codebuild_role",
            "aws_iam_role.codepipeline_role",
            "aws_iam_role.glue_role",
            "data.aws_iam_policy_document.codebuild_assume",
            "data.aws_iam_policy_document.codepipeline_assume",
            "data.aws_iam_policy_document.codepipeline_policy_doc",
            "data.aws_iam_policy_document.glue_assume",
            "data.aws_partition.current"
          ]
        }
      ]
    },
    {
      "mode": "managed",
      "type": "aws_iam_role_policy_attachment",
      "name": "glue_policy_attach",
      "provider": "provider[\"registry.terraform.io/hashicorp/aws\"]",
      "instances": [
        {
          "schema_version": 0,
          "attributes": {
            "id": "glue-etl-role-use1/arn:aws:iam::147649276518:policy/glue-etl-policy-use1",
            "policy_arn": "arn:aws:iam::147649276518:policy/glue-etl-policy-use1",
            "role": "glue-etl-role-use1"
          },
          "sensitive_attributes": [],
          "identity_schema_version": 0,
          "identity": {
            "account_id": "147649276518",
            "policy_arn": "arn:aws:iam::147649276518:policy/glue-etl-policy-use1",
            "role": "glue-etl-role-use1"
          },
          "private": "bnVsbA==",
          "dependencies": [
            "aws_iam_policy.glue_policy",
            "aws_iam_role.glue_role",
            "data.aws_iam_policy_document.glue_assume",
            "data.aws_iam_policy_document.glue_policy_doc",
            "data.aws_partition.current"
          ]
        }
      ]
    },
    {
      "mode": "managed",
      "type": "aws_iam_role_policy_attachment",
      "name": "glue_service_attach",
      "provider": "provider[\"registry.terraform.io/hashicorp/aws\"]",
      "instances": [
        {
          "schema_version": 0,
          "attributes": {
            "id": "glue-etl-role-use1/arn:aws:iam::aws:policy/service-role/AWSGlueServiceRole",
            "policy_arn": "arn:aws:iam::aws:policy/service-role/AWSGlueServiceRole",
            "role": "glue-etl-role-use1"
          },
          "sensitive_attributes": [],
          "identity_schema_version": 0,
          "identity": {
            "account_id": "147649276518",
            "policy_arn": "arn:aws:iam::aws:policy/service-role/AWSGlueServiceRole",
            "role": "glue-etl-role-use1"
          },
          "private": "bnVsbA==",
          "dependencies": [
            "aws_iam_role.glue_role",
            "data.aws_iam_policy_document.glue_assume",
            "data.aws_partition.current"
          ]
        }
      ]
    },
    {
      "mode": "managed",
      "type": "aws_s3_bucket",
      "name": "artifacts",
      "provider": "provider[\"registry.terraform.io/hashicorp/aws\"]",
      "instances": [
        {
          "index_key": 0,
          "schema_version": 0,
          "attributes": {
            "acceleration_status": "",
            "acl": null,
            "arn": "arn:aws:s3:::your-unique-artifact-bucket-use1-123456",
            "bucket": "your-unique-artifact-bucket-use1-123456",
            "bucket_domain_name": "your-unique-artifact-bucket-use1-123456.s3.amazonaws.com",
            "bucket_prefix": "",
            "bucket_region": "us-east-1",
            "bucket_regional_domain_name": "your-unique-artifact-bucket-use1-123456.s3.us-east-1.amazonaws.com",
            "cors_rule": [],
            "force_destroy": false,
            "grant": [
              {
                "id": "8bdf2b59cd16de5bfa80d439c7dc8cb32e7e101db200cefc9d788fb065e8f827",
                "permissions": [
                  "FULL_CONTROL"
                ],
                "type": "CanonicalUser",
                "uri": ""
              }
            ],
            "hosted_zone_id": "Z3AQBSTGFYJSTF",
            "id": "your-unique-artifact-bucket-use1-123456",
            "lifecycle_rule": [],
            "logging": [],
            "object_lock_configuration": [],
            "object_lock_enabled": false,
            "policy": "",
            "region": "us-east-1",
            "replication_configuration": [],
            "request_payer": "BucketOwner",
            "server_side_encryption_configuration": [
              {
                "rule": [
                  {
                    "apply_server_side_encryption_by_default": [
                      {
                        "kms_master_key_id": "",
                        "sse_algorithm": "AES256"
                      }
                    ],
                    "bucket_key_enabled": false
                  }
                ]
              }
            ],
            "tags": {},
            "tags_all": {},
            "timeouts": null,
            "versioning": [
              {
                "enabled": false,
                "mfa_delete": false
              }
            ],
            "website": [],
            "website_domain": null,
            "website_endpoint": null
          },
          "sensitive_attributes": [],
          "identity_schema_version": 0,
          "identity": {
            "account_id": "147649276518",
            "bucket": "your-unique-artifact-bucket-use1-123456",
            "region": "us-east-1"
          },
          "private": "eyJlMmJmYjczMC1lY2FhLTExZTYtOGY4OC0zNDM2M2JjN2M0YzAiOnsiY3JlYXRlIjoxMjAwMDAwMDAwMDAwLCJkZWxldGUiOjM2MDAwMDAwMDAwMDAsInJlYWQiOjEyMDAwMDAwMDAwMDAsInVwZGF0ZSI6MTIwMDAwMDAwMDAwMH19"
        }
      ]
    },
    {
      "mode": "managed",
      "type": "aws_s3_bucket",
      "name": "scripts",
      "provider": "provider[\"registry.terraform.io/hashicorp/aws\"]",
      "instances": [
        {
          "index_key": 0,
          "schema_version": 0,
          "attributes": {
            "acceleration_status": "",
            "acl": null,
            "arn": "arn:aws:s3:::your-unique-scripts-bucket-use1-123456",
            "bucket": "your-unique-scripts-bucket-use1-123456",
            "bucket_domain_name": "your-unique-scripts-bucket-use1-123456.s3.amazonaws.com",
            "bucket_prefix": "",
            "bucket_region": "us-east-1",
            "bucket_regional_domain_name": "your-unique-scripts-bucket-use1-123456.s3.us-east-1.amazonaws.com",
            "cors_rule": [],
            "force_destroy": false,
            "grant": [
              {
                "id": "8bdf2b59cd16de5bfa80d439c7dc8cb32e7e101db200cefc9d788fb065e8f827",
                "permissions": [
                  "FULL_CONTROL"
                ],
                "type": "CanonicalUser",
                "uri": ""
              }
            ],
            "hosted_zone_id": "Z3AQBSTGFYJSTF",
            "id": "your-unique-scripts-bucket-use1-123456",
            "lifecycle_rule": [],
            "logging": [],
            "object_lock_configuration": [],
            "object_lock_enabled": false,
            "policy": "",
            "region": "us-east-1",
            "replication_configuration": [],
            "request_payer": "BucketOwner",
            "server_side_encryption_configuration": [
              {
                "rule": [
                  {
                    "apply_server_side_encryption_by_default": [
                      {
                        "kms_master_key_id": "",
                        "sse_algorithm": "AES256"
                      }
                    ],
                    "bucket_key_enabled": false
                  }
                ]
              }
            ],
            "tags": {},
            "tags_all": {},
            "timeouts": null,
            "versioning": [
              {
                "enabled": false,
                "mfa_delete": false
              }
            ],
            "website": [],
            "website_domain": null,
            "website_endpoint": null
          },
          "sensitive_attributes": [],
          "identity_schema_version": 0,
          "identity": {
            "account_id": "147649276518",
            "bucket": "your-unique-scripts-bucket-use1-123456",
            "region": "us-east-1"
          },
          "private": "eyJlMmJmYjczMC1lY2FhLTExZTYtOGY4OC0zNDM2M2JjN2M0YzAiOnsiY3JlYXRlIjoxMjAwMDAwMDAwMDAwLCJkZWxldGUiOjM2MDAwMDAwMDAwMDAsInJlYWQiOjEyMDAwMDAwMDAwMDAsInVwZGF0ZSI6MTIwMDAwMDAwMDAwMH19"
        }
      ]
    },
    {
      "mode": "managed",
      "type": "aws_s3_bucket_public_access_block",
      "name": "artifacts",
      "provider": "provider[\"registry.terraform.io/hashicorp/aws\"]",
      "instances": [
        {
          "index_key": 0,
          "schema_version": 0,
          "attributes": {
            "block_public_acls": true,
            "block_public_policy": true,
            "bucket": "your-unique-artifact-bucket-use1-123456",
            "id": "your-unique-artifact-bucket-use1-123456",
            "ignore_public_acls": true,
            "region": "us-east-1",
            "restrict_public_buckets": true,
            "skip_destroy": null
          },
          "sensitive_attributes": [],
          "identity_schema_version": 0,
          "identity": {
            "account_id": "147649276518",
            "bucket": "your-unique-artifact-bucket-use1-123456",
            "region": "us-east-1"
          },
          "private": "bnVsbA==",
          "dependencies": [
            "aws_s3_bucket.artifacts"
          ]
        }
      ]
    },
    {
      "mode": "managed",
      "type": "aws_s3_bucket_public_access_block",
      "name": "scripts",
      "provider": "provider[\"registry.terraform.io/hashicorp/aws\"]",
      "instances": [
        {
          "index_key": 0,
          "schema_version": 0,
          "attributes": {
            "block_public_acls": true,
            "block_public_policy": true,
            "bucket": "your-unique-scripts-bucket-use1-123456",
            "id": "your-unique-scripts-bucket-use1-123456",
            "ignore_public_acls": true,
            "region": "us-east-1",
            "restrict_public_buckets": true,
            "skip_destroy": null
          },
          "sensitive_attributes": [],
          "identity_schema_version": 0,
          "identity": {
            "account_id": "147649276518",
            "bucket": "your-unique-scripts-bucket-use1-123456",
            "region": "us-east-1"
          },
          "private": "bnVsbA==",
          "dependencies": [
            "aws_s3_bucket.scripts"
          ]
        }
      ]
    }
  ],
  "check_results": null
}
